# This file is automatically @generated by Cargo.
# It is not intended for manual editing.
version = 4

[[package]]
name = "dynamic_programming"
version = "0.1.0"

[[package]]
name = "introductory"
version = "0.1.0"

[[package]]
name = "problems"
version = "0.1.0"

[[package]]
name = "sorting_searching"
version = "0.1.0"
